
Microsoft Visual Studio Solution File, Format Version 12.00
# Visual Studio Version 16
VisualStudioVersion = 16.0.30523.141
MinimumVisualStudioVersion = 10.0.40219.1
Project("{9A19103F-16F7-4668-BE54-9A1E7A4F7556}") = "Sokoban", "Sokoban\Sokoban.csproj", "{E32B21BE-F781-4F3A-9B1B-5795BD434554}"
EndProject
Project("{9A19103F-16F7-4668-BE54-9A1E7A4F7556}") = "Utilitaires", "Utilitaires\Utilitaires.csproj", "{142CA162-5701-427E-BEDF-8BE028FB8986}"
EndProject
Project("{9A19103F-16F7-4668-BE54-9A1E7A4F7556}") = "ClientsServeur", "ClientServeur\ClientsServeur.csproj", "{C240E0E4-9F40-499D-A9A0-B0795DE95C8B}"
EndProject
Project("{9A19103F-16F7-4668-BE54-9A1E7A4F7556}") = "AffichageGame", "AffichageGame\AffichageGame.csproj", "{04E3D3A3-0926-4D64-ADAA-9963664436C6}"
EndProject
Global
	GlobalSection(SolutionConfigurationPlatforms) = preSolution
		Debug|Any CPU = Debug|Any CPU
		Release|Any CPU = Release|Any CPU
	EndGlobalSection
	GlobalSection(ProjectConfigurationPlatforms) = postSolution
		{E32B21BE-F781-4F3A-9B1B-5795BD434554}.Debug|Any CPU.ActiveCfg = Debug|Any CPU
		{E32B21BE-F781-4F3A-9B1B-5795BD434554}.Debug|Any CPU.Build.0 = Debug|Any CPU
		{E32B21BE-F781-4F3A-9B1B-5795BD434554}.Release|Any CPU.ActiveCfg = Release|Any CPU
		{E32B21BE-F781-4F3A-9B1B-5795BD434554}.Release|Any CPU.Build.0 = Release|Any CPU
		{142CA162-5701-427E-BEDF-8BE028FB8986}.Debug|Any CPU.ActiveCfg = Debug|Any CPU
		{142CA162-5701-427E-BEDF-8BE028FB8986}.Debug|Any CPU.Build.0 = Debug|Any CPU
		{142CA162-5701-427E-BEDF-8BE028FB8986}.Release|Any CPU.ActiveCfg = Release|Any CPU
		{142CA162-5701-427E-BEDF-8BE028FB8986}.Release|Any CPU.Build.0 = Release|Any CPU
		{C240E0E4-9F40-499D-A9A0-B0795DE95C8B}.Debug|Any CPU.ActiveCfg = Debug|Any CPU
		{C240E0E4-9F40-499D-A9A0-B0795DE95C8B}.Debug|Any CPU.Build.0 = Debug|Any CPU
		{C240E0E4-9F40-499D-A9A0-B0795DE95C8B}.Release|Any CPU.ActiveCfg = Release|Any CPU
		{C240E0E4-9F40-499D-A9A0-B0795DE95C8B}.Release|Any CPU.Build.0 = Release|Any CPU
		{04E3D3A3-0926-4D64-ADAA-9963664436C6}.Debug|Any CPU.ActiveCfg = Debug|Any CPU
		{04E3D3A3-0926-4D64-ADAA-9963664436C6}.Debug|Any CPU.Build.0 = Debug|Any CPU
		{04E3D3A3-0926-4D64-ADAA-9963664436C6}.Release|Any CPU.ActiveCfg = Release|Any CPU
		{04E3D3A3-0926-4D64-ADAA-9963664436C6}.Release|Any CPU.Build.0 = Release|Any CPU
	EndGlobalSection
	GlobalSection(SolutionProperties) = preSolution
		HideSolutionNode = FALSE
	EndGlobalSection
	GlobalSection(ExtensibilityGlobals) = postSolution
		SolutionGuid = {788FA469-B3AF-46AE-A160-2E82134E21EF}
	EndGlobalSection
EndGlobal
